
Microsoft Visual Studio Solution File, Format Version 12.00
# Visual Studio Version 16
VisualStudioVersion = 16.0.31624.102
MinimumVisualStudioVersion = 10.0.40219.1
Project("{FAE04EC0-301F-11D3-BF4B-00C04F79EFBC}") = "targil0", "targil0\targil0.csproj", "{B40D057C-5FDF-4740-8D52-51E562A802B0}"
EndProject
Global
	GlobalSection(SolutionConfigurationPlatforms) = preSolution
		Debug|Any CPU = Debug|Any CPU
		Release|Any CPU = Release|Any CPU
	EndGlobalSection
	GlobalSection(ProjectConfigurationPlatforms) = postSolution
		{B40D057C-5FDF-4740-8D52-51E562A802B0}.Debug|Any CPU.ActiveCfg = Debug|Any CPU
		{B40D057C-5FDF-4740-8D52-51E562A802B0}.Debug|Any CPU.Build.0 = Debug|Any CPU
		{B40D057C-5FDF-4740-8D52-51E562A802B0}.Release|Any CPU.ActiveCfg = Release|Any CPU
		{B40D057C-5FDF-4740-8D52-51E562A802B0}.Release|Any CPU.Build.0 = Release|Any CPU
	EndGlobalSection
	GlobalSection(SolutionProperties) = preSolution
		HideSolutionNode = FALSE
	EndGlobalSection
	GlobalSection(ExtensibilityGlobals) = postSolution
		SolutionGuid = {808BC7BA-79DD-4CDF-BE0A-967091A2EFCF}
	EndGlobalSection
EndGlobal
