
Microsoft Visual Studio Solution File, Format Version 12.00
# Visual Studio Version 16
VisualStudioVersion = 16.0.31624.102
MinimumVisualStudioVersion = 10.0.40219.1
Project("{9A19103F-16F7-4668-BE54-9A1E7A4F7556}") = "targil0", "targil0\targil0.csproj", "{B40D057C-5FDF-4740-8D52-51E562A802B0}"
EndProject
Project("{9A19103F-16F7-4668-BE54-9A1E7A4F7556}") = "ConsoleUI", "ConsoleUI\ConsoleUI.csproj", "{69B666AF-541F-4CE7-8237-1282C889DA7C}"
EndProject
Project("{9A19103F-16F7-4668-BE54-9A1E7A4F7556}") = "DAL", "DAL\DAL.csproj", "{B05EB450-6CEB-4EE0-913B-76A969992ADB}"
EndProject
Project("{9A19103F-16F7-4668-BE54-9A1E7A4F7556}") = "BL", "BL\BL.csproj", "{D3A830DC-6051-4F35-9DC8-C452B0FE1368}"
EndProject
Project("{9A19103F-16F7-4668-BE54-9A1E7A4F7556}") = "ConsoleUI_BL", "ConsoleUI_BL\ConsoleUI_BL.csproj", "{8A1B722E-6490-4393-8735-713C987CD459}"
EndProject
Project("{FAE04EC0-301F-11D3-BF4B-00C04F79EFBC}") = "PL", "PL\PL.csproj", "{E8EF3678-E7B4-4020-B88A-12EA8C76B031}"
EndProject
Global
	GlobalSection(SolutionConfigurationPlatforms) = preSolution
		Debug|Any CPU = Debug|Any CPU
		Release|Any CPU = Release|Any CPU
	EndGlobalSection
	GlobalSection(ProjectConfigurationPlatforms) = postSolution
		{B40D057C-5FDF-4740-8D52-51E562A802B0}.Debug|Any CPU.ActiveCfg = Debug|Any CPU
		{B40D057C-5FDF-4740-8D52-51E562A802B0}.Debug|Any CPU.Build.0 = Debug|Any CPU
		{B40D057C-5FDF-4740-8D52-51E562A802B0}.Release|Any CPU.ActiveCfg = Release|Any CPU
		{B40D057C-5FDF-4740-8D52-51E562A802B0}.Release|Any CPU.Build.0 = Release|Any CPU
		{69B666AF-541F-4CE7-8237-1282C889DA7C}.Debug|Any CPU.ActiveCfg = Debug|Any CPU
		{69B666AF-541F-4CE7-8237-1282C889DA7C}.Debug|Any CPU.Build.0 = Debug|Any CPU
		{69B666AF-541F-4CE7-8237-1282C889DA7C}.Release|Any CPU.ActiveCfg = Release|Any CPU
		{69B666AF-541F-4CE7-8237-1282C889DA7C}.Release|Any CPU.Build.0 = Release|Any CPU
		{B05EB450-6CEB-4EE0-913B-76A969992ADB}.Debug|Any CPU.ActiveCfg = Debug|Any CPU
		{B05EB450-6CEB-4EE0-913B-76A969992ADB}.Debug|Any CPU.Build.0 = Debug|Any CPU
		{B05EB450-6CEB-4EE0-913B-76A969992ADB}.Release|Any CPU.ActiveCfg = Release|Any CPU
		{B05EB450-6CEB-4EE0-913B-76A969992ADB}.Release|Any CPU.Build.0 = Release|Any CPU
		{D3A830DC-6051-4F35-9DC8-C452B0FE1368}.Debug|Any CPU.ActiveCfg = Debug|Any CPU
		{D3A830DC-6051-4F35-9DC8-C452B0FE1368}.Debug|Any CPU.Build.0 = Debug|Any CPU
		{D3A830DC-6051-4F35-9DC8-C452B0FE1368}.Release|Any CPU.ActiveCfg = Release|Any CPU
		{D3A830DC-6051-4F35-9DC8-C452B0FE1368}.Release|Any CPU.Build.0 = Release|Any CPU
		{8A1B722E-6490-4393-8735-713C987CD459}.Debug|Any CPU.ActiveCfg = Debug|Any CPU
		{8A1B722E-6490-4393-8735-713C987CD459}.Debug|Any CPU.Build.0 = Debug|Any CPU
		{8A1B722E-6490-4393-8735-713C987CD459}.Release|Any CPU.ActiveCfg = Release|Any CPU
		{8A1B722E-6490-4393-8735-713C987CD459}.Release|Any CPU.Build.0 = Release|Any CPU
		{E8EF3678-E7B4-4020-B88A-12EA8C76B031}.Debug|Any CPU.ActiveCfg = Debug|Any CPU
		{E8EF3678-E7B4-4020-B88A-12EA8C76B031}.Debug|Any CPU.Build.0 = Debug|Any CPU
		{E8EF3678-E7B4-4020-B88A-12EA8C76B031}.Release|Any CPU.ActiveCfg = Release|Any CPU
		{E8EF3678-E7B4-4020-B88A-12EA8C76B031}.Release|Any CPU.Build.0 = Release|Any CPU
	EndGlobalSection
	GlobalSection(SolutionProperties) = preSolution
		HideSolutionNode = FALSE
	EndGlobalSection
	GlobalSection(ExtensibilityGlobals) = postSolution
		SolutionGuid = {808BC7BA-79DD-4CDF-BE0A-967091A2EFCF}
	EndGlobalSection
EndGlobal
